
Microsoft Visual Studio Solution File, Format Version 12.00
# Visual Studio 15
VisualStudioVersion = 15.0.27004.2010
MinimumVisualStudioVersion = 10.0.40219.1
Project("{2150E333-8FDC-42A3-9474-1A3956D46DE8}") = "NeuralNetwork", "NeuralNetwork", "{6688B9F7-80E7-4E14-9FEF-71C4B4424EDB}"
EndProject
Project("{2150E333-8FDC-42A3-9474-1A3956D46DE8}") = "ArtificialIntelligence", "ArtificialIntelligence", "{A49E7C83-A9D8-43F1-BE09-F56F182E59E9}"
EndProject
Project("{2150E333-8FDC-42A3-9474-1A3956D46DE8}") = "Genetics", "Genetics", "{29C46AC2-63F8-48A6-A11F-AFCCF1A58B16}"
EndProject
Project("{9A19103F-16F7-4668-BE54-9A1E7A4F7556}") = "NeuralNetwork", "NeuralNetwork\NeuralNetwork.csproj", "{B77A08D6-43CE-4B53-B7A1-A0FA2217FBB2}"
EndProject
Project("{2150E333-8FDC-42A3-9474-1A3956D46DE8}") = "Core", "Core", "{FE1F1246-4D67-4148-8CC4-58CA6102A8AA}"
EndProject
Project("{9A19103F-16F7-4668-BE54-9A1E7A4F7556}") = "Core", "Core\Core.csproj", "{21028F7E-9127-4706-A320-EDEBDCF6366A}"
EndProject
Project("{2150E333-8FDC-42A3-9474-1A3956D46DE8}") = "Extensions", "Extensions", "{71D635C1-B50B-4B54-ACE1-9F75DA44C544}"
EndProject
Project("{9A19103F-16F7-4668-BE54-9A1E7A4F7556}") = "Mathematics", "MathExtensions\Mathematics.csproj", "{2E8AE198-B3F5-4B57-AB59-21F9668B8C81}"
EndProject
Project("{9A19103F-16F7-4668-BE54-9A1E7A4F7556}") = "Enumerables", "Enumerables\Enumerables.csproj", "{62719832-1965-4F12-9085-256AE11FFCFD}"
EndProject
Project("{2150E333-8FDC-42A3-9474-1A3956D46DE8}") = "Tests", "Tests", "{1104BAAA-86EB-451B-BB9C-197968640472}"
EndProject
Project("{2150E333-8FDC-42A3-9474-1A3956D46DE8}") = "NeuralNetwork", "NeuralNetwork", "{3C10B621-B314-469D-9DA0-13580B86B88C}"
EndProject
Project("{FAE04EC0-301F-11D3-BF4B-00C04F79EFBC}") = "NeuralNetwork.Tests", "NeuralNetwork.Tests\NeuralNetwork.Tests.csproj", "{CA9A18D7-5593-4FCB-A1D5-5098768A703B}"
EndProject
Project("{2150E333-8FDC-42A3-9474-1A3956D46DE8}") = "Fluent Apis", "Fluent Apis", "{C854EA6E-1551-42BE-BBD4-D81288F41A0D}"
EndProject
Project("{9A19103F-16F7-4668-BE54-9A1E7A4F7556}") = "CodeFlow", "CodeFlow\CodeFlow.csproj", "{EFC5DA8D-4DA5-4783-933F-1AEAF9AC27A1}"
EndProject
Project("{9A19103F-16F7-4668-BE54-9A1E7A4F7556}") = "StateMachine", "StateMachine\StateMachine.csproj", "{9A1A97E2-3240-45C7-91D8-FF93BE8FC15C}"
EndProject
Project("{2150E333-8FDC-42A3-9474-1A3956D46DE8}") = "Tests", "Tests", "{BDCCA7ED-0C62-4DAF-BD1D-57F4487E578E}"
EndProject
Project("{9A19103F-16F7-4668-BE54-9A1E7A4F7556}") = "CodeFlow.Tests", "CodeFlow.Tests\CodeFlow.Tests.csproj", "{E5EFE3CA-2988-40C5-97EC-CEBE4B1E23B8}"
EndProject
Project("{FAE04EC0-301F-11D3-BF4B-00C04F79EFBC}") = "StateMachine.Tests", "StateMachineTests\StateMachine.Tests.csproj", "{820B44C8-2854-4427-8A7C-4F133DB1817B}"
EndProject
Global
	GlobalSection(SolutionConfigurationPlatforms) = preSolution
		Debug|Any CPU = Debug|Any CPU
		Release|Any CPU = Release|Any CPU
	EndGlobalSection
	GlobalSection(ProjectConfigurationPlatforms) = postSolution
		{B77A08D6-43CE-4B53-B7A1-A0FA2217FBB2}.Debug|Any CPU.ActiveCfg = Debug|Any CPU
		{B77A08D6-43CE-4B53-B7A1-A0FA2217FBB2}.Debug|Any CPU.Build.0 = Debug|Any CPU
		{B77A08D6-43CE-4B53-B7A1-A0FA2217FBB2}.Release|Any CPU.ActiveCfg = Release|Any CPU
		{B77A08D6-43CE-4B53-B7A1-A0FA2217FBB2}.Release|Any CPU.Build.0 = Release|Any CPU
		{21028F7E-9127-4706-A320-EDEBDCF6366A}.Debug|Any CPU.ActiveCfg = Debug|Any CPU
		{21028F7E-9127-4706-A320-EDEBDCF6366A}.Debug|Any CPU.Build.0 = Debug|Any CPU
		{21028F7E-9127-4706-A320-EDEBDCF6366A}.Release|Any CPU.ActiveCfg = Release|Any CPU
		{21028F7E-9127-4706-A320-EDEBDCF6366A}.Release|Any CPU.Build.0 = Release|Any CPU
		{2E8AE198-B3F5-4B57-AB59-21F9668B8C81}.Debug|Any CPU.ActiveCfg = Debug|Any CPU
		{2E8AE198-B3F5-4B57-AB59-21F9668B8C81}.Debug|Any CPU.Build.0 = Debug|Any CPU
		{2E8AE198-B3F5-4B57-AB59-21F9668B8C81}.Release|Any CPU.ActiveCfg = Release|Any CPU
		{2E8AE198-B3F5-4B57-AB59-21F9668B8C81}.Release|Any CPU.Build.0 = Release|Any CPU
		{62719832-1965-4F12-9085-256AE11FFCFD}.Debug|Any CPU.ActiveCfg = Debug|Any CPU
		{62719832-1965-4F12-9085-256AE11FFCFD}.Debug|Any CPU.Build.0 = Debug|Any CPU
		{62719832-1965-4F12-9085-256AE11FFCFD}.Release|Any CPU.ActiveCfg = Release|Any CPU
		{62719832-1965-4F12-9085-256AE11FFCFD}.Release|Any CPU.Build.0 = Release|Any CPU
		{CA9A18D7-5593-4FCB-A1D5-5098768A703B}.Debug|Any CPU.ActiveCfg = Debug|Any CPU
		{CA9A18D7-5593-4FCB-A1D5-5098768A703B}.Debug|Any CPU.Build.0 = Debug|Any CPU
		{CA9A18D7-5593-4FCB-A1D5-5098768A703B}.Release|Any CPU.ActiveCfg = Release|Any CPU
		{CA9A18D7-5593-4FCB-A1D5-5098768A703B}.Release|Any CPU.Build.0 = Release|Any CPU
		{EFC5DA8D-4DA5-4783-933F-1AEAF9AC27A1}.Debug|Any CPU.ActiveCfg = Debug|Any CPU
		{EFC5DA8D-4DA5-4783-933F-1AEAF9AC27A1}.Debug|Any CPU.Build.0 = Debug|Any CPU
		{EFC5DA8D-4DA5-4783-933F-1AEAF9AC27A1}.Release|Any CPU.ActiveCfg = Release|Any CPU
		{EFC5DA8D-4DA5-4783-933F-1AEAF9AC27A1}.Release|Any CPU.Build.0 = Release|Any CPU
		{9A1A97E2-3240-45C7-91D8-FF93BE8FC15C}.Debug|Any CPU.ActiveCfg = Debug|Any CPU
		{9A1A97E2-3240-45C7-91D8-FF93BE8FC15C}.Debug|Any CPU.Build.0 = Debug|Any CPU
		{9A1A97E2-3240-45C7-91D8-FF93BE8FC15C}.Release|Any CPU.ActiveCfg = Release|Any CPU
		{9A1A97E2-3240-45C7-91D8-FF93BE8FC15C}.Release|Any CPU.Build.0 = Release|Any CPU
		{E5EFE3CA-2988-40C5-97EC-CEBE4B1E23B8}.Debug|Any CPU.ActiveCfg = Debug|Any CPU
		{E5EFE3CA-2988-40C5-97EC-CEBE4B1E23B8}.Debug|Any CPU.Build.0 = Debug|Any CPU
		{E5EFE3CA-2988-40C5-97EC-CEBE4B1E23B8}.Release|Any CPU.ActiveCfg = Release|Any CPU
		{E5EFE3CA-2988-40C5-97EC-CEBE4B1E23B8}.Release|Any CPU.Build.0 = Release|Any CPU
		{820B44C8-2854-4427-8A7C-4F133DB1817B}.Debug|Any CPU.ActiveCfg = Debug|Any CPU
		{820B44C8-2854-4427-8A7C-4F133DB1817B}.Debug|Any CPU.Build.0 = Debug|Any CPU
		{820B44C8-2854-4427-8A7C-4F133DB1817B}.Release|Any CPU.ActiveCfg = Release|Any CPU
		{820B44C8-2854-4427-8A7C-4F133DB1817B}.Release|Any CPU.Build.0 = Release|Any CPU
	EndGlobalSection
	GlobalSection(SolutionProperties) = preSolution
		HideSolutionNode = FALSE
	EndGlobalSection
	GlobalSection(NestedProjects) = preSolution
		{6688B9F7-80E7-4E14-9FEF-71C4B4424EDB} = {A49E7C83-A9D8-43F1-BE09-F56F182E59E9}
		{29C46AC2-63F8-48A6-A11F-AFCCF1A58B16} = {A49E7C83-A9D8-43F1-BE09-F56F182E59E9}
		{B77A08D6-43CE-4B53-B7A1-A0FA2217FBB2} = {6688B9F7-80E7-4E14-9FEF-71C4B4424EDB}
		{21028F7E-9127-4706-A320-EDEBDCF6366A} = {FE1F1246-4D67-4148-8CC4-58CA6102A8AA}
		{2E8AE198-B3F5-4B57-AB59-21F9668B8C81} = {71D635C1-B50B-4B54-ACE1-9F75DA44C544}
		{62719832-1965-4F12-9085-256AE11FFCFD} = {71D635C1-B50B-4B54-ACE1-9F75DA44C544}
		{1104BAAA-86EB-451B-BB9C-197968640472} = {A49E7C83-A9D8-43F1-BE09-F56F182E59E9}
		{3C10B621-B314-469D-9DA0-13580B86B88C} = {1104BAAA-86EB-451B-BB9C-197968640472}
		{CA9A18D7-5593-4FCB-A1D5-5098768A703B} = {3C10B621-B314-469D-9DA0-13580B86B88C}
		{EFC5DA8D-4DA5-4783-933F-1AEAF9AC27A1} = {C854EA6E-1551-42BE-BBD4-D81288F41A0D}
		{9A1A97E2-3240-45C7-91D8-FF93BE8FC15C} = {C854EA6E-1551-42BE-BBD4-D81288F41A0D}
		{BDCCA7ED-0C62-4DAF-BD1D-57F4487E578E} = {C854EA6E-1551-42BE-BBD4-D81288F41A0D}
		{E5EFE3CA-2988-40C5-97EC-CEBE4B1E23B8} = {BDCCA7ED-0C62-4DAF-BD1D-57F4487E578E}
		{820B44C8-2854-4427-8A7C-4F133DB1817B} = {BDCCA7ED-0C62-4DAF-BD1D-57F4487E578E}
	EndGlobalSection
	GlobalSection(ExtensibilityGlobals) = postSolution
		SolutionGuid = {C652ED3A-C83C-401F-8EDF-586862522C0B}
	EndGlobalSection
EndGlobal
