
Microsoft Visual Studio Solution File, Format Version 12.00
# Visual Studio 15
VisualStudioVersion = 15.0.27004.2006
MinimumVisualStudioVersion = 10.0.40219.1
Project("{2150E333-8FDC-42A3-9474-1A3956D46DE8}") = "NeuralNetwork", "NeuralNetwork", "{6688B9F7-80E7-4E14-9FEF-71C4B4424EDB}"
EndProject
Project("{2150E333-8FDC-42A3-9474-1A3956D46DE8}") = "ArtificialIntelligence", "ArtificialIntelligence", "{A49E7C83-A9D8-43F1-BE09-F56F182E59E9}"
EndProject
Project("{2150E333-8FDC-42A3-9474-1A3956D46DE8}") = "Genetics", "Genetics", "{29C46AC2-63F8-48A6-A11F-AFCCF1A58B16}"
EndProject
Project("{9A19103F-16F7-4668-BE54-9A1E7A4F7556}") = "NeuralNetwork", "NeuralNetwork\NeuralNetwork.csproj", "{B77A08D6-43CE-4B53-B7A1-A0FA2217FBB2}"
EndProject
Project("{2150E333-8FDC-42A3-9474-1A3956D46DE8}") = "Core", "Core", "{FE1F1246-4D67-4148-8CC4-58CA6102A8AA}"
EndProject
Project("{9A19103F-16F7-4668-BE54-9A1E7A4F7556}") = "Core", "Core\Core.csproj", "{21028F7E-9127-4706-A320-EDEBDCF6366A}"
EndProject
Project("{2150E333-8FDC-42A3-9474-1A3956D46DE8}") = "Extensions", "Extensions", "{71D635C1-B50B-4B54-ACE1-9F75DA44C544}"
EndProject
Project("{9A19103F-16F7-4668-BE54-9A1E7A4F7556}") = "Mathematics", "MathExtensions\Mathematics.csproj", "{2E8AE198-B3F5-4B57-AB59-21F9668B8C81}"
EndProject
Project("{9A19103F-16F7-4668-BE54-9A1E7A4F7556}") = "Enumerables", "Enumerables\Enumerables.csproj", "{62719832-1965-4F12-9085-256AE11FFCFD}"
EndProject
Project("{2150E333-8FDC-42A3-9474-1A3956D46DE8}") = "Tests", "Tests", "{1104BAAA-86EB-451B-BB9C-197968640472}"
EndProject
Project("{2150E333-8FDC-42A3-9474-1A3956D46DE8}") = "ArtificialIntelligence", "ArtificialIntelligence", "{20AB3D15-FDFF-4DAC-ACAC-E2696E66A94C}"
EndProject
Project("{2150E333-8FDC-42A3-9474-1A3956D46DE8}") = "NeuralNetwork", "NeuralNetwork", "{3C10B621-B314-469D-9DA0-13580B86B88C}"
EndProject
Project("{FAE04EC0-301F-11D3-BF4B-00C04F79EFBC}") = "NeuralNetwork.Tests", "NeuralNetwork.Tests\NeuralNetwork.Tests.csproj", "{CA9A18D7-5593-4FCB-A1D5-5098768A703B}"
EndProject
Global
	GlobalSection(SolutionConfigurationPlatforms) = preSolution
		Debug|Any CPU = Debug|Any CPU
		Release|Any CPU = Release|Any CPU
	EndGlobalSection
	GlobalSection(ProjectConfigurationPlatforms) = postSolution
		{B77A08D6-43CE-4B53-B7A1-A0FA2217FBB2}.Debug|Any CPU.ActiveCfg = Debug|Any CPU
		{B77A08D6-43CE-4B53-B7A1-A0FA2217FBB2}.Debug|Any CPU.Build.0 = Debug|Any CPU
		{B77A08D6-43CE-4B53-B7A1-A0FA2217FBB2}.Release|Any CPU.ActiveCfg = Release|Any CPU
		{B77A08D6-43CE-4B53-B7A1-A0FA2217FBB2}.Release|Any CPU.Build.0 = Release|Any CPU
		{21028F7E-9127-4706-A320-EDEBDCF6366A}.Debug|Any CPU.ActiveCfg = Debug|Any CPU
		{21028F7E-9127-4706-A320-EDEBDCF6366A}.Debug|Any CPU.Build.0 = Debug|Any CPU
		{21028F7E-9127-4706-A320-EDEBDCF6366A}.Release|Any CPU.ActiveCfg = Release|Any CPU
		{21028F7E-9127-4706-A320-EDEBDCF6366A}.Release|Any CPU.Build.0 = Release|Any CPU
		{2E8AE198-B3F5-4B57-AB59-21F9668B8C81}.Debug|Any CPU.ActiveCfg = Debug|Any CPU
		{2E8AE198-B3F5-4B57-AB59-21F9668B8C81}.Debug|Any CPU.Build.0 = Debug|Any CPU
		{2E8AE198-B3F5-4B57-AB59-21F9668B8C81}.Release|Any CPU.ActiveCfg = Release|Any CPU
		{2E8AE198-B3F5-4B57-AB59-21F9668B8C81}.Release|Any CPU.Build.0 = Release|Any CPU
		{62719832-1965-4F12-9085-256AE11FFCFD}.Debug|Any CPU.ActiveCfg = Debug|Any CPU
		{62719832-1965-4F12-9085-256AE11FFCFD}.Debug|Any CPU.Build.0 = Debug|Any CPU
		{62719832-1965-4F12-9085-256AE11FFCFD}.Release|Any CPU.ActiveCfg = Release|Any CPU
		{62719832-1965-4F12-9085-256AE11FFCFD}.Release|Any CPU.Build.0 = Release|Any CPU
		{CA9A18D7-5593-4FCB-A1D5-5098768A703B}.Debug|Any CPU.ActiveCfg = Debug|Any CPU
		{CA9A18D7-5593-4FCB-A1D5-5098768A703B}.Debug|Any CPU.Build.0 = Debug|Any CPU
		{CA9A18D7-5593-4FCB-A1D5-5098768A703B}.Release|Any CPU.ActiveCfg = Release|Any CPU
		{CA9A18D7-5593-4FCB-A1D5-5098768A703B}.Release|Any CPU.Build.0 = Release|Any CPU
	EndGlobalSection
	GlobalSection(SolutionProperties) = preSolution
		HideSolutionNode = FALSE
	EndGlobalSection
	GlobalSection(NestedProjects) = preSolution
		{6688B9F7-80E7-4E14-9FEF-71C4B4424EDB} = {A49E7C83-A9D8-43F1-BE09-F56F182E59E9}
		{29C46AC2-63F8-48A6-A11F-AFCCF1A58B16} = {A49E7C83-A9D8-43F1-BE09-F56F182E59E9}
		{B77A08D6-43CE-4B53-B7A1-A0FA2217FBB2} = {6688B9F7-80E7-4E14-9FEF-71C4B4424EDB}
		{21028F7E-9127-4706-A320-EDEBDCF6366A} = {FE1F1246-4D67-4148-8CC4-58CA6102A8AA}
		{2E8AE198-B3F5-4B57-AB59-21F9668B8C81} = {71D635C1-B50B-4B54-ACE1-9F75DA44C544}
		{62719832-1965-4F12-9085-256AE11FFCFD} = {71D635C1-B50B-4B54-ACE1-9F75DA44C544}
		{20AB3D15-FDFF-4DAC-ACAC-E2696E66A94C} = {1104BAAA-86EB-451B-BB9C-197968640472}
		{3C10B621-B314-469D-9DA0-13580B86B88C} = {20AB3D15-FDFF-4DAC-ACAC-E2696E66A94C}
		{CA9A18D7-5593-4FCB-A1D5-5098768A703B} = {3C10B621-B314-469D-9DA0-13580B86B88C}
	EndGlobalSection
	GlobalSection(ExtensibilityGlobals) = postSolution
		SolutionGuid = {C652ED3A-C83C-401F-8EDF-586862522C0B}
	EndGlobalSection
EndGlobal
